
Microsoft Visual Studio Solution File, Format Version 12.00
# Visual Studio 15
VisualStudioVersion = 15.0.27428.2037
MinimumVisualStudioVersion = 10.0.40219.1
Project("{FAE04EC0-301F-11D3-BF4B-00C04F79EFBC}") = "laba6", "laba6\laba6.csproj", "{BA0B0C70-3772-4A04-9DCD-D65EDF3FAF11}"
EndProject
Global
	GlobalSection(SolutionConfigurationPlatforms) = preSolution
		Debug|Any CPU = Debug|Any CPU
		Release|Any CPU = Release|Any CPU
	EndGlobalSection
	GlobalSection(ProjectConfigurationPlatforms) = postSolution
		{BA0B0C70-3772-4A04-9DCD-D65EDF3FAF11}.Debug|Any CPU.ActiveCfg = Debug|Any CPU
		{BA0B0C70-3772-4A04-9DCD-D65EDF3FAF11}.Debug|Any CPU.Build.0 = Debug|Any CPU
		{BA0B0C70-3772-4A04-9DCD-D65EDF3FAF11}.Release|Any CPU.ActiveCfg = Release|Any CPU
		{BA0B0C70-3772-4A04-9DCD-D65EDF3FAF11}.Release|Any CPU.Build.0 = Release|Any CPU
	EndGlobalSection
	GlobalSection(SolutionProperties) = preSolution
		HideSolutionNode = FALSE
	EndGlobalSection
	GlobalSection(ExtensibilityGlobals) = postSolution
		SolutionGuid = {B351EC23-CB92-446E-9E66-688F50A2F93C}
	EndGlobalSection
EndGlobal
